{
  "name": "typescript-design-patterns",
  "version": "1.0.0",
  "lockfileVersion": 3,
  "requires": true,
  "packages": {
    "": {
      "name": "typescript-design-patterns",
      "version": "1.0.0",
      "license": "ISC",
      "devDependencies": {
        "@types/node": "^20.2.5",
        "typescript": "^5.1.0-beta"
      }
    },
    "node_modules/@types/node": {
      "version": "20.2.5",
      "resolved": "https://registry.npmjs.org/@types/node/-/node-20.2.5.tgz",
      "integrity": "sha512-JJulVEQXmiY9Px5axXHeYGLSjhkZEnD+MDPDGbCbIAbMslkKwmygtZFy1X6s/075Yo94sf8GuSlFfPzysQrWZQ==",
      "dev": true
    },
    "node_modules/typescript": {
      "version": "5.1.0-dev.20230515",
      "resolved": "https://registry.npmjs.org/typescript/-/typescript-5.1.0-dev.20230515.tgz",
      "integrity": "sha512-yn0MGsy6U0QAVF+lXW6LPupQmuRsyA0xUJetqw2tDqa+49231BpkhTuY6oEwLsc98tiEzCfIw7hzbLsiwVGFaA==",
      "dev": true,
      "bin": {
        "tsc": "bin/tsc",
        "tsserver": "bin/tsserver"
      },
      "engines": {
        "node": ">=14.17"
      }
    }
  }
}
