{
  "name": "typescript-design-patterns",
  "version": "1.0.0",
  "lockfileVersion": 3,
  "requires": true,
  "packages": {
    "": {
      "name": "typescript-design-patterns",
      "version": "1.0.0",
      "license": "ISC",
      "devDependencies": {
        "typescript": "^5.0.0-dev.20230207"
      }
    },
    "node_modules/typescript": {
      "version": "5.0.0-dev.20230207",
      "resolved": "https://registry.npmjs.org/typescript/-/typescript-5.0.0-dev.20230207.tgz",
      "integrity": "sha512-MBas9Ly9cx5yODCQZFKjteVtRa8//VshqSThNpX8D3XxPQEG+yBhtizEUPwrc2kLx33xnr7qGABEifZeepuKwg==",
      "dev": true,
      "bin": {
        "tsc": "bin/tsc",
        "tsserver": "bin/tsserver"
      },
      "engines": {
        "node": ">=4.2.0"
      }
    }
  }
}
