{
  "name": "typescript-design-patterns",
  "version": "1.0.0",
  "lockfileVersion": 3,
  "requires": true,
  "packages": {
    "": {
      "name": "typescript-design-patterns",
      "version": "1.0.0",
      "license": "ISC",
      "devDependencies": {
        "typescript": "^5.0.1-rc"
      }
    },
    "node_modules/typescript": {
      "version": "5.0.1-rc",
      "resolved": "https://registry.npmjs.org/typescript/-/typescript-5.0.1-rc.tgz",
      "integrity": "sha512-zh75jY8gPo/y7fpmlTVN2bb2MigoLx4hGk+Cla9pY6lgSTvzJrmQQrRt5S80VTsEt6biWPZJgLK2nm6f0Ya+mA==",
      "dev": true,
      "bin": {
        "tsc": "bin/tsc",
        "tsserver": "bin/tsserver"
      },
      "engines": {
        "node": ">=4.2.0"
      }
    }
  }
}
